
Microsoft Visual Studio Solution File, Format Version 12.00
# Visual Studio 15
VisualStudioVersion = 15.0.27004.2002
MinimumVisualStudioVersion = 10.0.40219.1
Project("{FAE04EC0-301F-11D3-BF4B-00C04F79EFBC}") = "Mentoring.Exceptions.Asyncc", "Mentoring.Exceptions\Mentoring.Exceptions.Asyncc.csproj", "{8E4EA54F-496A-4782-8D71-DBAD238E230F}"
EndProject
Project("{FAE04EC0-301F-11D3-BF4B-00C04F79EFBC}") = "Mentoring.Exceptions.Constraints", "Mentoring.Exceptions.Constraints\Mentoring.Exceptions.Constraints.csproj", "{778ADDA2-6307-4D79-8D70-3DD2FCA9F4F6}"
EndProject
Project("{FAE04EC0-301F-11D3-BF4B-00C04F79EFBC}") = "Mentoring.Exceptions.Contracts", "Mentoring.Exceptions.Contracts\Mentoring.Exceptions.Contracts.csproj", "{1D69017D-AD16-4E11-9F97-D5B4ED3D4CD4}"
EndProject
Project("{FAE04EC0-301F-11D3-BF4B-00C04F79EFBC}") = "Mentoring.Exceptions.WarmUp", "Mentoring.Exceptions.WarmUp\Mentoring.Exceptions.WarmUp.csproj", "{17D5C05D-7D75-40CD-BB00-812BDD33F430}"
EndProject
Project("{FAE04EC0-301F-11D3-BF4B-00C04F79EFBC}") = "Mentoring.Exceptions.Memory", "Mentoring.Exceptions.Memory\Mentoring.Exceptions.Memory.csproj", "{9374CD07-E315-4CD8-A0CA-AA11AEF0DE8D}"
EndProject
Global
	GlobalSection(SolutionConfigurationPlatforms) = preSolution
		Debug|Any CPU = Debug|Any CPU
		Release|Any CPU = Release|Any CPU
	EndGlobalSection
	GlobalSection(ProjectConfigurationPlatforms) = postSolution
		{8E4EA54F-496A-4782-8D71-DBAD238E230F}.Debug|Any CPU.ActiveCfg = Debug|Any CPU
		{8E4EA54F-496A-4782-8D71-DBAD238E230F}.Debug|Any CPU.Build.0 = Debug|Any CPU
		{8E4EA54F-496A-4782-8D71-DBAD238E230F}.Release|Any CPU.ActiveCfg = Release|Any CPU
		{8E4EA54F-496A-4782-8D71-DBAD238E230F}.Release|Any CPU.Build.0 = Release|Any CPU
		{778ADDA2-6307-4D79-8D70-3DD2FCA9F4F6}.Debug|Any CPU.ActiveCfg = Debug|Any CPU
		{778ADDA2-6307-4D79-8D70-3DD2FCA9F4F6}.Debug|Any CPU.Build.0 = Debug|Any CPU
		{778ADDA2-6307-4D79-8D70-3DD2FCA9F4F6}.Release|Any CPU.ActiveCfg = Release|Any CPU
		{778ADDA2-6307-4D79-8D70-3DD2FCA9F4F6}.Release|Any CPU.Build.0 = Release|Any CPU
		{1D69017D-AD16-4E11-9F97-D5B4ED3D4CD4}.Debug|Any CPU.ActiveCfg = Debug|Any CPU
		{1D69017D-AD16-4E11-9F97-D5B4ED3D4CD4}.Debug|Any CPU.Build.0 = Debug|Any CPU
		{1D69017D-AD16-4E11-9F97-D5B4ED3D4CD4}.Release|Any CPU.ActiveCfg = Release|Any CPU
		{1D69017D-AD16-4E11-9F97-D5B4ED3D4CD4}.Release|Any CPU.Build.0 = Release|Any CPU
		{17D5C05D-7D75-40CD-BB00-812BDD33F430}.Debug|Any CPU.ActiveCfg = Debug|Any CPU
		{17D5C05D-7D75-40CD-BB00-812BDD33F430}.Debug|Any CPU.Build.0 = Debug|Any CPU
		{17D5C05D-7D75-40CD-BB00-812BDD33F430}.Release|Any CPU.ActiveCfg = Release|Any CPU
		{17D5C05D-7D75-40CD-BB00-812BDD33F430}.Release|Any CPU.Build.0 = Release|Any CPU
		{9374CD07-E315-4CD8-A0CA-AA11AEF0DE8D}.Debug|Any CPU.ActiveCfg = Debug|Any CPU
		{9374CD07-E315-4CD8-A0CA-AA11AEF0DE8D}.Debug|Any CPU.Build.0 = Debug|Any CPU
		{9374CD07-E315-4CD8-A0CA-AA11AEF0DE8D}.Release|Any CPU.ActiveCfg = Release|Any CPU
		{9374CD07-E315-4CD8-A0CA-AA11AEF0DE8D}.Release|Any CPU.Build.0 = Release|Any CPU
	EndGlobalSection
	GlobalSection(SolutionProperties) = preSolution
		HideSolutionNode = FALSE
	EndGlobalSection
	GlobalSection(ExtensibilityGlobals) = postSolution
		SolutionGuid = {BFB1F8C1-0202-4DFA-BEF3-3FF4DFFF81AE}
	EndGlobalSection
EndGlobal
