
Microsoft Visual Studio Solution File, Format Version 12.00
# Visual Studio 15
VisualStudioVersion = 15.0.27130.2010
MinimumVisualStudioVersion = 10.0.40219.1
Project("{FAE04EC0-301F-11D3-BF4B-00C04F79EFBC}") = "Mentoring.Serialization.DefConstructor", "Mentoring.Serialization.DefConstructor\Mentoring.Serialization.DefConstructor.csproj", "{B1FB401F-976D-4D3A-80B4-DD279BC82815}"
EndProject
Project("{FAE04EC0-301F-11D3-BF4B-00C04F79EFBC}") = "Mentoring.Serialization.Cycle", "Mentoring.Serialization.Cycle\Mentoring.Serialization.Cycle.csproj", "{7BF6611D-7EAF-408A-B5E5-F75ED99C7C7A}"
EndProject
Project("{FAE04EC0-301F-11D3-BF4B-00C04F79EFBC}") = "Mentoring.Serialization.Singleton", "Mentoring.Serialization.Singleton\Mentoring.Serialization.Singleton.csproj", "{516B2B3B-D4F5-4631-BEF0-701BCCD5A17F}"
EndProject
Project("{FAE04EC0-301F-11D3-BF4B-00C04F79EFBC}") = "Mentoring.Serialization.Context", "Mentoring.Serialization.Context\Mentoring.Serialization.Context.csproj", "{A00415EC-F546-4A95-A2B6-819627AB5042}"
EndProject
Project("{FAE04EC0-301F-11D3-BF4B-00C04F79EFBC}") = "Mentoring.Serialization.Surrogates", "Mentoring.Serialization.Surrogates\Mentoring.Serialization.Surrogates.csproj", "{8D85B7E0-55E5-484C-971E-DCCAB65E823D}"
EndProject
Global
	GlobalSection(SolutionConfigurationPlatforms) = preSolution
		Debug|Any CPU = Debug|Any CPU
		Release|Any CPU = Release|Any CPU
	EndGlobalSection
	GlobalSection(ProjectConfigurationPlatforms) = postSolution
		{B1FB401F-976D-4D3A-80B4-DD279BC82815}.Debug|Any CPU.ActiveCfg = Debug|Any CPU
		{B1FB401F-976D-4D3A-80B4-DD279BC82815}.Debug|Any CPU.Build.0 = Debug|Any CPU
		{B1FB401F-976D-4D3A-80B4-DD279BC82815}.Release|Any CPU.ActiveCfg = Release|Any CPU
		{B1FB401F-976D-4D3A-80B4-DD279BC82815}.Release|Any CPU.Build.0 = Release|Any CPU
		{7BF6611D-7EAF-408A-B5E5-F75ED99C7C7A}.Debug|Any CPU.ActiveCfg = Debug|Any CPU
		{7BF6611D-7EAF-408A-B5E5-F75ED99C7C7A}.Debug|Any CPU.Build.0 = Debug|Any CPU
		{7BF6611D-7EAF-408A-B5E5-F75ED99C7C7A}.Release|Any CPU.ActiveCfg = Release|Any CPU
		{7BF6611D-7EAF-408A-B5E5-F75ED99C7C7A}.Release|Any CPU.Build.0 = Release|Any CPU
		{516B2B3B-D4F5-4631-BEF0-701BCCD5A17F}.Debug|Any CPU.ActiveCfg = Debug|Any CPU
		{516B2B3B-D4F5-4631-BEF0-701BCCD5A17F}.Debug|Any CPU.Build.0 = Debug|Any CPU
		{516B2B3B-D4F5-4631-BEF0-701BCCD5A17F}.Release|Any CPU.ActiveCfg = Release|Any CPU
		{516B2B3B-D4F5-4631-BEF0-701BCCD5A17F}.Release|Any CPU.Build.0 = Release|Any CPU
		{A00415EC-F546-4A95-A2B6-819627AB5042}.Debug|Any CPU.ActiveCfg = Debug|Any CPU
		{A00415EC-F546-4A95-A2B6-819627AB5042}.Debug|Any CPU.Build.0 = Debug|Any CPU
		{A00415EC-F546-4A95-A2B6-819627AB5042}.Release|Any CPU.ActiveCfg = Release|Any CPU
		{A00415EC-F546-4A95-A2B6-819627AB5042}.Release|Any CPU.Build.0 = Release|Any CPU
		{8D85B7E0-55E5-484C-971E-DCCAB65E823D}.Debug|Any CPU.ActiveCfg = Debug|Any CPU
		{8D85B7E0-55E5-484C-971E-DCCAB65E823D}.Debug|Any CPU.Build.0 = Debug|Any CPU
		{8D85B7E0-55E5-484C-971E-DCCAB65E823D}.Release|Any CPU.ActiveCfg = Release|Any CPU
		{8D85B7E0-55E5-484C-971E-DCCAB65E823D}.Release|Any CPU.Build.0 = Release|Any CPU
	EndGlobalSection
	GlobalSection(SolutionProperties) = preSolution
		HideSolutionNode = FALSE
	EndGlobalSection
	GlobalSection(ExtensibilityGlobals) = postSolution
		SolutionGuid = {3BAF57DC-00CF-40F1-A002-C7F6138D89C6}
	EndGlobalSection
EndGlobal
